
Microsoft Visual Studio Solution File, Format Version 12.00
# Visual Studio Version 16
VisualStudioVersion = 16.0.29418.71
MinimumVisualStudioVersion = 10.0.40219.1
Project("{9A19103F-16F7-4668-BE54-9A1E7A4F7556}") = "WallIT.DataAccess", "WallIT.DataAccess\WallIT.DataAccess.csproj", "{835831BC-9780-49F4-B098-873709233AEF}"
EndProject
Project("{9A19103F-16F7-4668-BE54-9A1E7A4F7556}") = "WallIT.Logic", "WallIT.Logic\WallIT.Logic.csproj", "{34D9B640-7DCE-4E82-8A8A-C688EEF3AA15}"
EndProject
Project("{9A19103F-16F7-4668-BE54-9A1E7A4F7556}") = "WallIT.Shared", "WallIT.Shared\WallIT.Shared.csproj", "{7CF0E9BC-EFD4-4891-961B-800DFFC512F0}"
EndProject
Project("{9A19103F-16F7-4668-BE54-9A1E7A4F7556}") = "WallIT.Common", "WallIT.Common\WallIT.Common.csproj", "{D19F6EF6-B5D0-4500-9FF2-2C3128FC6A45}"
EndProject
Project("{9A19103F-16F7-4668-BE54-9A1E7A4F7556}") = "WallIT.TestDatabaseCreator", "WallIT.TestDatabaseCreator\WallIT.TestDatabaseCreator.csproj", "{CCC0E876-DF14-4862-B1FF-71B023DCEB80}"
EndProject
Project("{9A19103F-16F7-4668-BE54-9A1E7A4F7556}") = "WallIT.Web", "WallIT.Web\WallIT.Web.csproj", "{C3943354-9045-422A-AC5A-259B1686C003}"
EndProject
Project("{FAE04EC0-301F-11D3-BF4B-00C04F79EFBC}") = "WallIT.Logic.Test", "WallIT.Logic.Test\WallIT.Logic.Test.csproj", "{AB70822C-CB65-427C-B142-68B3A97F1590}"
EndProject
Global
	GlobalSection(SolutionConfigurationPlatforms) = preSolution
		Debug|Any CPU = Debug|Any CPU
		Release|Any CPU = Release|Any CPU
	EndGlobalSection
	GlobalSection(ProjectConfigurationPlatforms) = postSolution
		{835831BC-9780-49F4-B098-873709233AEF}.Debug|Any CPU.ActiveCfg = Debug|Any CPU
		{835831BC-9780-49F4-B098-873709233AEF}.Debug|Any CPU.Build.0 = Debug|Any CPU
		{835831BC-9780-49F4-B098-873709233AEF}.Release|Any CPU.ActiveCfg = Release|Any CPU
		{835831BC-9780-49F4-B098-873709233AEF}.Release|Any CPU.Build.0 = Release|Any CPU
		{34D9B640-7DCE-4E82-8A8A-C688EEF3AA15}.Debug|Any CPU.ActiveCfg = Debug|Any CPU
		{34D9B640-7DCE-4E82-8A8A-C688EEF3AA15}.Debug|Any CPU.Build.0 = Debug|Any CPU
		{34D9B640-7DCE-4E82-8A8A-C688EEF3AA15}.Release|Any CPU.ActiveCfg = Release|Any CPU
		{34D9B640-7DCE-4E82-8A8A-C688EEF3AA15}.Release|Any CPU.Build.0 = Release|Any CPU
		{7CF0E9BC-EFD4-4891-961B-800DFFC512F0}.Debug|Any CPU.ActiveCfg = Debug|Any CPU
		{7CF0E9BC-EFD4-4891-961B-800DFFC512F0}.Debug|Any CPU.Build.0 = Debug|Any CPU
		{7CF0E9BC-EFD4-4891-961B-800DFFC512F0}.Release|Any CPU.ActiveCfg = Release|Any CPU
		{7CF0E9BC-EFD4-4891-961B-800DFFC512F0}.Release|Any CPU.Build.0 = Release|Any CPU
		{D19F6EF6-B5D0-4500-9FF2-2C3128FC6A45}.Debug|Any CPU.ActiveCfg = Debug|Any CPU
		{D19F6EF6-B5D0-4500-9FF2-2C3128FC6A45}.Debug|Any CPU.Build.0 = Debug|Any CPU
		{D19F6EF6-B5D0-4500-9FF2-2C3128FC6A45}.Release|Any CPU.ActiveCfg = Release|Any CPU
		{D19F6EF6-B5D0-4500-9FF2-2C3128FC6A45}.Release|Any CPU.Build.0 = Release|Any CPU
		{CCC0E876-DF14-4862-B1FF-71B023DCEB80}.Debug|Any CPU.ActiveCfg = Debug|Any CPU
		{CCC0E876-DF14-4862-B1FF-71B023DCEB80}.Debug|Any CPU.Build.0 = Debug|Any CPU
		{CCC0E876-DF14-4862-B1FF-71B023DCEB80}.Release|Any CPU.ActiveCfg = Release|Any CPU
		{CCC0E876-DF14-4862-B1FF-71B023DCEB80}.Release|Any CPU.Build.0 = Release|Any CPU
		{C3943354-9045-422A-AC5A-259B1686C003}.Debug|Any CPU.ActiveCfg = Debug|Any CPU
		{C3943354-9045-422A-AC5A-259B1686C003}.Debug|Any CPU.Build.0 = Debug|Any CPU
		{C3943354-9045-422A-AC5A-259B1686C003}.Release|Any CPU.ActiveCfg = Release|Any CPU
		{C3943354-9045-422A-AC5A-259B1686C003}.Release|Any CPU.Build.0 = Release|Any CPU
		{AB70822C-CB65-427C-B142-68B3A97F1590}.Debug|Any CPU.ActiveCfg = Debug|Any CPU
		{AB70822C-CB65-427C-B142-68B3A97F1590}.Debug|Any CPU.Build.0 = Debug|Any CPU
		{AB70822C-CB65-427C-B142-68B3A97F1590}.Release|Any CPU.ActiveCfg = Release|Any CPU
		{AB70822C-CB65-427C-B142-68B3A97F1590}.Release|Any CPU.Build.0 = Release|Any CPU
	EndGlobalSection
	GlobalSection(SolutionProperties) = preSolution
		HideSolutionNode = FALSE
	EndGlobalSection
	GlobalSection(ExtensibilityGlobals) = postSolution
		SolutionGuid = {58B3F4DD-9335-4362-91A8-FCF8F13F1226}
	EndGlobalSection
EndGlobal
